
Microsoft Visual Studio Solution File, Format Version 12.00
# Visual Studio Version 16
VisualStudioVersion = 16.0.31019.194
MinimumVisualStudioVersion = 10.0.40219.1
Project("{9A19103F-16F7-4668-BE54-9A1E7A4F7556}") = "BranchValidator", "BranchValidator\BranchValidator.csproj", "{6B7D8AB5-2EB6-4B9E-A219-44BAA2016BED}"
EndProject
Project("{2150E333-8FDC-42A3-9474-1A3956D46DE8}") = "Solution Items", "Solution Items", "{5F6905A4-928D-4A81-9D9B-B273A27B3A92}"
	ProjectSection(SolutionItems) = preProject
		.dockerignore = .dockerignore
		.gitignore = .gitignore
		action.yml = action.yml
		Dockerfile = Dockerfile
		LICENSE = LICENSE
		README.md = README.md
		.editorconfig = .editorconfig
	EndProjectSection
EndProject
Project("{FAE04EC0-301F-11D3-BF4B-00C04F79EFBC}") = "BranchValidatorTests", "Testing\BranchValidatorTests\BranchValidatorTests.csproj", "{77B96B49-4D77-456B-A787-E852E9842B60}"
EndProject
Project("{2150E333-8FDC-42A3-9474-1A3956D46DE8}") = "Testing", "Testing", "{0D648979-F6A2-4DBD-ABE7-BDCB9E0EE4BE}"
	ProjectSection(SolutionItems) = preProject
		Testing\.editorconfig = Testing\.editorconfig
	EndProjectSection
EndProject
Project("{2150E333-8FDC-42A3-9474-1A3956D46DE8}") = "Workflows", "Workflows", "{5010ECCD-3BCC-475D-87EE-31E289E24571}"
	ProjectSection(SolutionItems) = preProject
		.github\workflows\build-status-check.yml = .github\workflows\build-status-check.yml
		.github\workflows\unit-tests-status-check.yml = .github\workflows\unit-tests-status-check.yml
	EndProjectSection
EndProject
Project("{2150E333-8FDC-42A3-9474-1A3956D46DE8}") = "Issue Templates", "Issue Templates", "{2C56562A-E5F8-43AD-A99F-049FEA733577}"
	ProjectSection(SolutionItems) = preProject
		.github\ISSUE_TEMPLATE\bug-issue-template.yml = .github\ISSUE_TEMPLATE\bug-issue-template.yml
	EndProjectSection
EndProject
Project("{2150E333-8FDC-42A3-9474-1A3956D46DE8}") = "Pull Request Templates", "Pull Request Templates", "{DC46D789-4072-4F81-B83C-CEF24FFD7229}"
	ProjectSection(SolutionItems) = preProject
		.github\PULL_REQUEST_TEMPLATE\feature-pr-template.md = .github\PULL_REQUEST_TEMPLATE\feature-pr-template.md
		.github\PULL_REQUEST_TEMPLATE\preview-feature-pr-template.md = .github\PULL_REQUEST_TEMPLATE\preview-feature-pr-template.md
	EndProjectSection
EndProject
Global
	GlobalSection(SolutionConfigurationPlatforms) = preSolution
		Debug|Any CPU = Debug|Any CPU
		Release|Any CPU = Release|Any CPU
	EndGlobalSection
	GlobalSection(ProjectConfigurationPlatforms) = postSolution
		{6B7D8AB5-2EB6-4B9E-A219-44BAA2016BED}.Debug|Any CPU.ActiveCfg = Debug|Any CPU
		{6B7D8AB5-2EB6-4B9E-A219-44BAA2016BED}.Debug|Any CPU.Build.0 = Debug|Any CPU
		{6B7D8AB5-2EB6-4B9E-A219-44BAA2016BED}.Release|Any CPU.ActiveCfg = Release|Any CPU
		{6B7D8AB5-2EB6-4B9E-A219-44BAA2016BED}.Release|Any CPU.Build.0 = Release|Any CPU
		{77B96B49-4D77-456B-A787-E852E9842B60}.Debug|Any CPU.ActiveCfg = Debug|Any CPU
		{77B96B49-4D77-456B-A787-E852E9842B60}.Debug|Any CPU.Build.0 = Debug|Any CPU
		{77B96B49-4D77-456B-A787-E852E9842B60}.Release|Any CPU.ActiveCfg = Release|Any CPU
		{77B96B49-4D77-456B-A787-E852E9842B60}.Release|Any CPU.Build.0 = Release|Any CPU
	EndGlobalSection
	GlobalSection(SolutionProperties) = preSolution
		HideSolutionNode = FALSE
	EndGlobalSection
	GlobalSection(ExtensibilityGlobals) = postSolution
		SolutionGuid = {DD7716EC-6464-4FFB-837F-6E0390B1AC6A}
	EndGlobalSection
	GlobalSection(NestedProjects) = preSolution
		{77B96B49-4D77-456B-A787-E852E9842B60} = {0D648979-F6A2-4DBD-ABE7-BDCB9E0EE4BE}
		{5010ECCD-3BCC-475D-87EE-31E289E24571} = {5F6905A4-928D-4A81-9D9B-B273A27B3A92}
		{2C56562A-E5F8-43AD-A99F-049FEA733577} = {5F6905A4-928D-4A81-9D9B-B273A27B3A92}
		{DC46D789-4072-4F81-B83C-CEF24FFD7229} = {5F6905A4-928D-4A81-9D9B-B273A27B3A92}
	EndGlobalSection
EndGlobal
